{
  "name": "metrics",
  "version": "1.0.0",
  "lockfileVersion": 2,
  "requires": true,
  "packages": {
    "": {
      "name": "metrics",
      "version": "1.0.0",
      "license": "MIT OR Apache-2.0",
      "devDependencies": {
        "@types/plotly.js": "^1.54.16",
        "typescript": "^4.5.2"
      }
    },
    "node_modules/@types/d3": {
      "version": "3.5.46",
      "resolved": "https://registry.npmjs.org/@types/d3/-/d3-3.5.46.tgz",
      "integrity": "sha512-jNHfiGd41+JUV43LTMzQNidyp4Hn0XfhoSmy8baE0d/N5pGYpD+yX03JacY/MH+smFxYOQGXlz4HxkRZOuRNOQ==",
      "dev": true
    },
    "node_modules/@types/plotly.js": {
      "version": "1.54.17",
      "resolved": "https://registry.npmjs.org/@types/plotly.js/-/plotly.js-1.54.17.tgz",
      "integrity": "sha512-2nk1jEDQ85Ix6SQsC7M7Otl5M8OoYwTl7V/x2ptyX373slUJAj+vQ3njYGy/h9p/rxTq7W0fn3JvXjuxXuA0Qg==",
      "dev": true,
      "dependencies": {
        "@types/d3": "^3"
      }
    },
    "node_modules/typescript": {
      "version": "4.5.2",
      "resolved": "https://registry.npmjs.org/typescript/-/typescript-4.5.2.tgz",
      "integrity": "sha512-5BlMof9H1yGt0P8/WF+wPNw6GfctgGjXp5hkblpyT+8rkASSmkUKMXrxR0Xg8ThVCi/JnHQiKXeBaEwCeQwMFw==",
      "dev": true,
      "bin": {
        "tsc": "bin/tsc",
        "tsserver": "bin/tsserver"
      },
      "engines": {
        "node": ">=4.2.0"
      }
    }
  },
  "dependencies": {
    "@types/d3": {
      "version": "3.5.46",
      "resolved": "https://registry.npmjs.org/@types/d3/-/d3-3.5.46.tgz",
      "integrity": "sha512-jNHfiGd41+JUV43LTMzQNidyp4Hn0XfhoSmy8baE0d/N5pGYpD+yX03JacY/MH+smFxYOQGXlz4HxkRZOuRNOQ==",
      "dev": true
    },
    "@types/plotly.js": {
      "version": "1.54.17",
      "resolved": "https://registry.npmjs.org/@types/plotly.js/-/plotly.js-1.54.17.tgz",
      "integrity": "sha512-2nk1jEDQ85Ix6SQsC7M7Otl5M8OoYwTl7V/x2ptyX373slUJAj+vQ3njYGy/h9p/rxTq7W0fn3JvXjuxXuA0Qg==",
      "dev": true,
      "requires": {
        "@types/d3": "^3"
      }
    },
    "typescript": {
      "version": "4.5.2",
      "resolved": "https://registry.npmjs.org/typescript/-/typescript-4.5.2.tgz",
      "integrity": "sha512-5BlMof9H1yGt0P8/WF+wPNw6GfctgGjXp5hkblpyT+8rkASSmkUKMXrxR0Xg8ThVCi/JnHQiKXeBaEwCeQwMFw==",
      "dev": true
    }
  }
}
